PODS:
  - Alamofire (5.7.1)
  - AlamofireEasyLogger (1.6.0):
    - Alamofire (>= 5.0)
  - CardIODynamic (5.4.1)
  - Cosmos (23.0.0)
  - EditableTextInsetsTextFieldV2 (0.0.3):
    - TapAdditionsKitV2
  - Firebase (10.11.0):
    - Firebase/Core (= 10.11.0)
  - Firebase/Analytics (10.11.0):
    - Firebase/Core
  - Firebase/Core (10.11.0):
    - Firebase/CoreOnly
    - FirebaseAnalytics (~> 10.11.0)
  - Firebase/CoreOnly (10.11.0):
    - FirebaseCore (= 10.11.0)
  - Firebase/Messaging (10.11.0):
    - Firebase/CoreOnly
    - FirebaseMessaging (~> 10.11.0)
  - FirebaseAnalytics (10.11.0):
    - FirebaseAnalytics/AdIdSupport (= 10.11.0)
    - FirebaseCore (~> 10.0)
    - FirebaseInstallations (~> 10.0)
    - GoogleUtilities/AppDelegateSwizzler (~> 7.11)
    - GoogleUtilities/MethodSwizzler (~> 7.11)
    - GoogleUtilities/Network (~> 7.11)
    - "GoogleUtilities/NSData+zlib (~> 7.11)"
    - nanopb (< 2.30910.0, >= 2.30908.0)
  - FirebaseAnalytics/AdIdSupport (10.11.0):
    - FirebaseCore (~> 10.0)
    - FirebaseInstallations (~> 10.0)
    - GoogleAppMeasurement (= 10.11.0)
    - GoogleUtilities/AppDelegateSwizzler (~> 7.11)
    - GoogleUtilities/MethodSwizzler (~> 7.11)
    - GoogleUtilities/Network (~> 7.11)
    - "GoogleUtilities/NSData+zlib (~> 7.11)"
    - nanopb (< 2.30910.0, >= 2.30908.0)
  - FirebaseCore (10.11.0):
    - FirebaseCoreInternal (~> 10.0)
    - GoogleUtilities/Environment (~> 7.8)
    - GoogleUtilities/Logger (~> 7.8)
  - FirebaseCoreInternal (10.11.0):
    - "GoogleUtilities/NSData+zlib (~> 7.8)"
  - FirebaseInstallations (10.11.0):
    - FirebaseCore (~> 10.0)
    - GoogleUtilities/Environment (~> 7.8)
    - GoogleUtilities/UserDefaults (~> 7.8)
    - PromisesObjC (~> 2.1)
  - FirebaseMessaging (10.11.0):
    - FirebaseCore (~> 10.0)
    - FirebaseInstallations (~> 10.0)
    - GoogleDataTransport (~> 9.2)
    - GoogleUtilities/AppDelegateSwizzler (~> 7.8)
    - GoogleUtilities/Environment (~> 7.8)
    - GoogleUtilities/Reachability (~> 7.8)
    - GoogleUtilities/UserDefaults (~> 7.8)
    - nanopb (< 2.30910.0, >= 2.30908.0)
  - GoogleAppMeasurement (10.11.0):
    - GoogleAppMeasurement/AdIdSupport (= 10.11.0)
    - GoogleUtilities/AppDelegateSwizzler (~> 7.11)
    - GoogleUtilities/MethodSwizzler (~> 7.11)
    - GoogleUtilities/Network (~> 7.11)
    - "GoogleUtilities/NSData+zlib (~> 7.11)"
    - nanopb (< 2.30910.0, >= 2.30908.0)
  - GoogleAppMeasurement/AdIdSupport (10.11.0):
    - GoogleAppMeasurement/WithoutAdIdSupport (= 10.11.0)
    - GoogleUtilities/AppDelegateSwizzler (~> 7.11)
    - GoogleUtilities/MethodSwizzler (~> 7.11)
    - GoogleUtilities/Network (~> 7.11)
    - "GoogleUtilities/NSData+zlib (~> 7.11)"
    - nanopb (< 2.30910.0, >= 2.30908.0)
  - GoogleAppMeasurement/WithoutAdIdSupport (10.11.0):
    - GoogleUtilities/AppDelegateSwizzler (~> 7.11)
    - GoogleUtilities/MethodSwizzler (~> 7.11)
    - GoogleUtilities/Network (~> 7.11)
    - "GoogleUtilities/NSData+zlib (~> 7.11)"
    - nanopb (< 2.30910.0, >= 2.30908.0)
  - GoogleDataTransport (9.2.3):
    - GoogleUtilities/Environment (~> 7.7)
    - nanopb (< 2.30910.0, >= 2.30908.0)
    - PromisesObjC (< 3.0, >= 1.2)
  - GoogleMaps (8.2.0):
    - GoogleMaps/Maps (= 8.2.0)
  - GoogleMaps/Base (8.2.0)
  - GoogleMaps/Maps (8.2.0):
    - GoogleMaps/Base
  - GoogleUtilities/AppDelegateSwizzler (7.11.1):
    - GoogleUtilities/Environment
    - GoogleUtilities/Logger
    - GoogleUtilities/Network
  - GoogleUtilities/Environment (7.11.1):
    - PromisesObjC (< 3.0, >= 1.2)
  - GoogleUtilities/Logger (7.11.1):
    - GoogleUtilities/Environment
  - GoogleUtilities/MethodSwizzler (7.11.1):
    - GoogleUtilities/Logger
  - GoogleUtilities/Network (7.11.1):
    - GoogleUtilities/Logger
    - "GoogleUtilities/NSData+zlib"
    - GoogleUtilities/Reachability
  - "GoogleUtilities/NSData+zlib (7.11.1)"
  - GoogleUtilities/Reachability (7.11.1):
    - GoogleUtilities/Logger
  - GoogleUtilities/UserDefaults (7.11.1):
    - GoogleUtilities/Logger
  - goSellSDK (2.3.29):
    - goSellSDK/Core (= 2.3.29)
  - goSellSDK/Core (2.3.29):
    - CardIODynamic
    - EditableTextInsetsTextFieldV2
    - SwiftyRSA
    - TapAdditionsKitV2
    - TapApplicationV2
    - TapBundleLocalizationV2
    - TapCardVlidatorKit-iOS
    - TapEditableViewV2
    - TapFontsKitV2
    - TapGLKitV2
    - TapKeychainV2
    - TapNetworkManagerV2
    - TapNibViewV2
    - TapResponderChainInputViewV2
    - TapSearchViewV2
    - TapVisualEffectViewV2
  - Hero (1.6.2)
  - IQKeyboardManagerSwift (6.5.12)
  - nanopb (2.30909.0):
    - nanopb/decode (= 2.30909.0)
    - nanopb/encode (= 2.30909.0)
  - nanopb/decode (2.30909.0)
  - nanopb/encode (2.30909.0)
  - NVActivityIndicatorView (5.1.1):
    - NVActivityIndicatorView/Base (= 5.1.1)
  - NVActivityIndicatorView/Base (5.1.1)
  - PromisesObjC (2.2.0)
  - Realm (10.40.2):
    - Realm/Headers (= 10.40.2)
  - Realm/Headers (10.40.2)
  - RealmSwift (10.40.2):
    - Realm (= 10.40.2)
  - SDWebImage (5.18.6):
    - SDWebImage/Core (= 5.18.6)
  - SDWebImage/Core (5.18.6)
  - SwiftyGif (5.4.4)
  - SwiftyRSA (1.7.0):
    - SwiftyRSA/ObjC (= 1.7.0)
  - SwiftyRSA/ObjC (1.7.0)
  - TapAdditionsKitV2 (0.0.17):
    - TapSwiftFixesV2
  - TapApplicationV2 (0.0.3):
    - TapAdditionsKitV2
  - TapBundleLocalizationV2 (0.0.3)
  - TapCardVlidatorKit-iOS (1.0.24)
  - TapEditableViewV2 (1.0.2):
    - TapAdditionsKitV2
  - TapFontsKitV2 (0.0.5):
    - TapAdditionsKitV2
  - TapGLKitV2 (0.0.3):
    - TapAdditionsKitV2
  - TapKeychainV2 (1.0.2)
  - TapNetworkManagerV2 (0.0.6):
    - TapAdditionsKitV2
  - TapNibViewV2 (0.0.3):
    - TapAdditionsKitV2
  - TapResponderChainInputViewV2 (0.0.5):
    - TapAdditionsKitV2
    - TapNibViewV2
  - TapSearchViewV2 (0.0.5):
    - TapAdditionsKitV2
    - TapNibViewV2
  - TapSwiftFixesV2 (1.0.3):
    - TapSwiftFixesV2/CoreGraphics (= 1.0.3)
    - TapSwiftFixesV2/Exceptions (= 1.0.3)
    - TapSwiftFixesV2/Threading (= 1.0.3)
  - TapSwiftFixesV2/CoreGraphics (1.0.3)
  - TapSwiftFixesV2/Exceptions (1.0.3)
  - TapSwiftFixesV2/Threading (1.0.3)
  - TapVisualEffectViewV2 (0.0.4):
    - TapAdditionsKitV2
    - TapNibViewV2

DEPENDENCIES:
  - Alamofire
  - AlamofireEasyLogger
  - Cosmos
  - Firebase
  - Firebase/Analytics
  - Firebase/Messaging
  - GoogleMaps
  - goSellSDK
  - Hero
  - IQKeyboardManagerSwift
  - NVActivityIndicatorView
  - RealmSwift
  - SDWebImage
  - SwiftyGif

SPEC REPOS:
  trunk:
    - Alamofire
    - AlamofireEasyLogger
    - CardIODynamic
    - Cosmos
    - EditableTextInsetsTextFieldV2
    - Firebase
    - FirebaseAnalytics
    - FirebaseCore
    - FirebaseCoreInternal
    - FirebaseInstallations
    - FirebaseMessaging
    - GoogleAppMeasurement
    - GoogleDataTransport
    - GoogleMaps
    - GoogleUtilities
    - goSellSDK
    - Hero
    - IQKeyboardManagerSwift
    - nanopb
    - NVActivityIndicatorView
    - PromisesObjC
    - Realm
    - RealmSwift
    - SDWebImage
    - SwiftyGif
    - SwiftyRSA
    - TapAdditionsKitV2
    - TapApplicationV2
    - TapBundleLocalizationV2
    - TapCardVlidatorKit-iOS
    - TapEditableViewV2
    - TapFontsKitV2
    - TapGLKitV2
    - TapKeychainV2
    - TapNetworkManagerV2
    - TapNibViewV2
    - TapResponderChainInputViewV2
    - TapSearchViewV2
    - TapSwiftFixesV2
    - TapVisualEffectViewV2

SPEC CHECKSUMS:
  Alamofire: 0123a34370cb170936ae79a8df46cc62b2edeb88
  AlamofireEasyLogger: f2fd10b57d973593a79a4b61f274c6a5cb3e1333
  CardIODynamic: 4a0d2d0e7b82993ceca67491564934c3475fbe79
  Cosmos: b5c6a9a637e28a061b54c8f8b1d8529d7d4db73f
  EditableTextInsetsTextFieldV2: 4734d3376d6b1ebe95afc824da5caa1c37b228a3
  Firebase: 31d9575c124839fb5abc0db6d39511cc1dab1b85
  FirebaseAnalytics: 6c6bf99e8854475bf1fa342028841be8ecd236da
  FirebaseCore: 62fd4d549f5e3f3bd52b7998721c5fa0557fb355
  FirebaseCoreInternal: 9e46c82a14a3b3a25be4e1e151ce6d21536b89c0
  FirebaseInstallations: 2a2c6859354cbec0a228a863d4daf6de7c74ced4
  FirebaseMessaging: 06253e9669434df0a40718fc82a90c78090f4704
  GoogleAppMeasurement: d3dabccdb336fc0ae44b633c8abaa26559893cd9
  GoogleDataTransport: f0308f5905a745f94fb91fea9c6cbaf3831cb1bd
  GoogleMaps: 081f2547b60a1c0870a8f49166a653900e5055d5
  GoogleUtilities: 9aa0ad5a7bc171f8bae016300bfcfa3fb8425749
  goSellSDK: 00f94e2fc84bc82c857ac65d67e506b3b4614a18
  Hero: c69009dbc9e2f0472e081adc644dba05fcedae72
  IQKeyboardManagerSwift: 371b08cb39664fb56030f5345c815a4ffc74bbc0
  nanopb: b552cce312b6c8484180ef47159bc0f65a1f0431
  NVActivityIndicatorView: 1f6c5687f1171810aa27a3296814dc2d7dec3667
  PromisesObjC: 09985d6d70fbe7878040aa746d78236e6946d2ef
  Realm: 731e86d9388287b18e36b0beb2493fc4845ce8a2
  RealmSwift: c2a1059ba52e1e08467b1253b1d4ab354ef3177b
  SDWebImage: 3d8caa2430f3d674dbb3e515df4a100a2105af5f
  SwiftyGif: 93a1cc87bf3a51916001cf8f3d63835fb64c819f
  SwiftyRSA: 8c6dd1ea7db1b8dc4fb517a202f88bb1354bc2c6
  TapAdditionsKitV2: 0bb217062d4df1db86b339e7693283b293b0ccff
  TapApplicationV2: a5e256888515be65654f048605bfb871a5ad53a9
  TapBundleLocalizationV2: 282e5a0ebfd08b502ec2ba22dde8da2de7340110
  TapCardVlidatorKit-iOS: 05d3e644dddd6aa52dd95cc85a2c41f7ce0ba2f9
  TapEditableViewV2: 53f87bbf98d7599f564e6e5bad1be6c1a5b31d66
  TapFontsKitV2: 2b11cd69c4f8c4485376c92a1982387a5184ca13
  TapGLKitV2: 5e5857e73e5a516807ec9c388f5c028de7616290
  TapKeychainV2: aaa08a208f3e7aea042e2caf1b6b5abb39baecdc
  TapNetworkManagerV2: 73a80838e7a30bd05e1030ff4b751421f14774a6
  TapNibViewV2: a6df9bfe0a36dfa9039b8200f2921dd5f66874c5
  TapResponderChainInputViewV2: d62b22fd9f1e6e9a195e4960c5679805a83ed44c
  TapSearchViewV2: b6fb11576b6e20570768378d31499a3cb86f9010
  TapSwiftFixesV2: ea726f752b6259d9e44624039fd6bad94b2a8633
  TapVisualEffectViewV2: bc2b3b718acc3c1298ce7d21985633941d986345

PODFILE CHECKSUM: afb74a4b5b51610e2b1dd7187e12a53d504a84f0

COCOAPODS: 1.12.1
